// !$*UTF8*$!
{
	archiveVersion = 1;
	classes = {
	};
	objectVersion = 56;
	objects = {

/* Begin PBXBuildFile section */
		D5320E6E2B8E7BBF0096B786 /* todoappApp.swift in Sources */ = {isa = PBXBuildFile; fileRef = D5320E6D2B8E7BBF0096B786 /* todoappApp.swift */; };
		D5320E702B8E7BBF0096B786 /* MainView.swift in Sources */ = {isa = PBXBuildFile; fileRef = D5320E6F2B8E7BBF0096B786 /* MainView.swift */; };
		D5320E722B8E7BC00096B786 /* Assets.xcassets in Resources */ = {isa = PBXBuildFile; fileRef = D5320E712B8E7BC00096B786 /* Assets.xcassets */; };
		D5320E752B8E7BC00096B786 /* Preview Assets.xcassets in Resources */ = {isa = PBXBuildFile; fileRef = D5320E742B8E7BC00096B786 /* Preview Assets.xcassets */; };
		D5320E7D2B8E7DF00096B786 /* FirebaseAnalytics in Frameworks */ = {isa = PBXBuildFile; productRef = D5320E7C2B8E7DF00096B786 /* FirebaseAnalytics */; };
		D5320E7F2B8E7DF00096B786 /* FirebaseAnalyticsOnDeviceConversion in Frameworks */ = {isa = PBXBuildFile; productRef = D5320E7E2B8E7DF00096B786 /* FirebaseAnalyticsOnDeviceConversion */; };
		D5320E812B8E7DF00096B786 /* FirebaseAnalyticsSwift in Frameworks */ = {isa = PBXBuildFile; productRef = D5320E802B8E7DF00096B786 /* FirebaseAnalyticsSwift */; };
		D5320E832B8E7DF00096B786 /* FirebaseAnalyticsWithoutAdIdSupport in Frameworks */ = {isa = PBXBuildFile; productRef = D5320E822B8E7DF00096B786 /* FirebaseAnalyticsWithoutAdIdSupport */; };
		D5320E852B8E7DF00096B786 /* FirebaseAppCheck in Frameworks */ = {isa = PBXBuildFile; productRef = D5320E842B8E7DF00096B786 /* FirebaseAppCheck */; };
		D5320E872B8E7EDE0096B786 /* GoogleService-Info.plist in Resources */ = {isa = PBXBuildFile; fileRef = D5320E862B8E7EDE0096B786 /* GoogleService-Info.plist */; };
		D5320E902B8E81750096B786 /* ProfileView.swift in Sources */ = {isa = PBXBuildFile; fileRef = D5320E8F2B8E81750096B786 /* ProfileView.swift */; };
		D5320E922B8E81810096B786 /* TodoListView.swift in Sources */ = {isa = PBXBuildFile; fileRef = D5320E912B8E81810096B786 /* TodoListView.swift */; };
		D5320E942B8E81900096B786 /* NewItemView.swift in Sources */ = {isa = PBXBuildFile; fileRef = D5320E932B8E81900096B786 /* NewItemView.swift */; };
		D5320E962B8E819D0096B786 /* LoginView.swift in Sources */ = {isa = PBXBuildFile; fileRef = D5320E952B8E819D0096B786 /* LoginView.swift */; };
		D5320E982B8E81A30096B786 /* RegisterView.swift in Sources */ = {isa = PBXBuildFile; fileRef = D5320E972B8E81A30096B786 /* RegisterView.swift */; };
		D5320E9A2B8E81B00096B786 /* ToDoListItemView.swift in Sources */ = {isa = PBXBuildFile; fileRef = D5320E992B8E81B00096B786 /* ToDoListItemView.swift */; };
		D5320E9C2B8E83DB0096B786 /* User.swift in Sources */ = {isa = PBXBuildFile; fileRef = D5320E9B2B8E83DB0096B786 /* User.swift */; };
		D5320E9E2B8E83E30096B786 /* ToDoListItem.swift in Sources */ = {isa = PBXBuildFile; fileRef = D5320E9D2B8E83E30096B786 /* ToDoListItem.swift */; };
		D5320EA02B8E84000096B786 /* MainViewViewModel.swift in Sources */ = {isa = PBXBuildFile; fileRef = D5320E9F2B8E84000096B786 /* MainViewViewModel.swift */; };
		D5320EA22B8E84080096B786 /* ProfileViewViewModel.swift in Sources */ = {isa = PBXBuildFile; fileRef = D5320EA12B8E84080096B786 /* ProfileViewViewModel.swift */; };
		D5320EA42B8E84150096B786 /* NewItemViewViewModel.swift in Sources */ = {isa = PBXBuildFile; fileRef = D5320EA32B8E84150096B786 /* NewItemViewViewModel.swift */; };
		D5320EA62B8E841C0096B786 /* LoginViewViewModel.swift in Sources */ = {isa = PBXBuildFile; fileRef = D5320EA52B8E841C0096B786 /* LoginViewViewModel.swift */; };
		D5320EA82B8E84240096B786 /* RegisterViewViewModel.swift in Sources */ = {isa = PBXBuildFile; fileRef = D5320EA72B8E84240096B786 /* RegisterViewViewModel.swift */; };
		D5320EAA2B8E842B0096B786 /* ToDoListViewViewModel.swift in Sources */ = {isa = PBXBuildFile; fileRef = D5320EA92B8E842B0096B786 /* ToDoListViewViewModel.swift */; };
		D5320EAC2B8E84360096B786 /* ToDoListItemViewViewModel.swift in Sources */ = {isa = PBXBuildFile; fileRef = D5320EAB2B8E84360096B786 /* ToDoListItemViewViewModel.swift */; };
		D5637B4F2B927C2B00F20344 /* FirebaseAnalytics in Frameworks */ = {isa = PBXBuildFile; productRef = D5637B4E2B927C2B00F20344 /* FirebaseAnalytics */; };
		D5637B512B927C2B00F20344 /* FirebaseAnalyticsOnDeviceConversion in Frameworks */ = {isa = PBXBuildFile; productRef = D5637B502B927C2B00F20344 /* FirebaseAnalyticsOnDeviceConversion */; };
		D5637B532B927C2B00F20344 /* FirebaseAnalyticsSwift in Frameworks */ = {isa = PBXBuildFile; productRef = D5637B522B927C2B00F20344 /* FirebaseAnalyticsSwift */; };
		D5637B552B927C2B00F20344 /* FirebaseAnalyticsWithoutAdIdSupport in Frameworks */ = {isa = PBXBuildFile; productRef = D5637B542B927C2B00F20344 /* FirebaseAnalyticsWithoutAdIdSupport */; };
		D5637B572B927C2B00F20344 /* FirebaseAppCheck in Frameworks */ = {isa = PBXBuildFile; productRef = D5637B562B927C2B00F20344 /* FirebaseAppCheck */; };
		D5637B592B927C2B00F20344 /* FirebaseAppDistribution-Beta in Frameworks */ = {isa = PBXBuildFile; productRef = D5637B582B927C2B00F20344 /* FirebaseAppDistribution-Beta */; };
		D5637B5B2B927C2B00F20344 /* FirebaseAuth in Frameworks */ = {isa = PBXBuildFile; productRef = D5637B5A2B927C2B00F20344 /* FirebaseAuth */; };
		D5637B5D2B927C2B00F20344 /* FirebaseAuthCombine-Community in Frameworks */ = {isa = PBXBuildFile; productRef = D5637B5C2B927C2B00F20344 /* FirebaseAuthCombine-Community */; };
		D5637B5F2B927C2B00F20344 /* FirebaseCrashlytics in Frameworks */ = {isa = PBXBuildFile; productRef = D5637B5E2B927C2B00F20344 /* FirebaseCrashlytics */; };
		D5637B612B927C2B00F20344 /* FirebaseDatabase in Frameworks */ = {isa = PBXBuildFile; productRef = D5637B602B927C2B00F20344 /* FirebaseDatabase */; };
		D5637B632B927C2B00F20344 /* FirebaseDatabaseSwift in Frameworks */ = {isa = PBXBuildFile; productRef = D5637B622B927C2B00F20344 /* FirebaseDatabaseSwift */; };
		D5637B652B927C2B00F20344 /* FirebaseDynamicLinks in Frameworks */ = {isa = PBXBuildFile; productRef = D5637B642B927C2B00F20344 /* FirebaseDynamicLinks */; };
		D5637B672B927C2B00F20344 /* FirebaseFirestore in Frameworks */ = {isa = PBXBuildFile; productRef = D5637B662B927C2B00F20344 /* FirebaseFirestore */; };
		D5637B692B927C2B00F20344 /* FirebaseFirestoreCombine-Community in Frameworks */ = {isa = PBXBuildFile; productRef = D5637B682B927C2B00F20344 /* FirebaseFirestoreCombine-Community */; };
		D5637B6B2B927C2B00F20344 /* FirebaseFirestoreSwift in Frameworks */ = {isa = PBXBuildFile; productRef = D5637B6A2B927C2B00F20344 /* FirebaseFirestoreSwift */; };
		D5637B6D2B927C2B00F20344 /* FirebaseFunctions in Frameworks */ = {isa = PBXBuildFile; productRef = D5637B6C2B927C2B00F20344 /* FirebaseFunctions */; };
		D5637B6F2B927C2B00F20344 /* FirebaseFunctionsCombine-Community in Frameworks */ = {isa = PBXBuildFile; productRef = D5637B6E2B927C2B00F20344 /* FirebaseFunctionsCombine-Community */; };
		D5637B712B927C2B00F20344 /* FirebaseInAppMessaging-Beta in Frameworks */ = {isa = PBXBuildFile; productRef = D5637B702B927C2B00F20344 /* FirebaseInAppMessaging-Beta */; };
		D5637B732B927C2B00F20344 /* FirebaseInAppMessagingSwift-Beta in Frameworks */ = {isa = PBXBuildFile; productRef = D5637B722B927C2B00F20344 /* FirebaseInAppMessagingSwift-Beta */; };
		D5637B752B927C2B00F20344 /* FirebaseInstallations in Frameworks */ = {isa = PBXBuildFile; productRef = D5637B742B927C2B00F20344 /* FirebaseInstallations */; };
		D5637B772B927C2B00F20344 /* FirebaseMLModelDownloader in Frameworks */ = {isa = PBXBuildFile; productRef = D5637B762B927C2B00F20344 /* FirebaseMLModelDownloader */; };
		D5637B792B927C2B00F20344 /* FirebaseMessaging in Frameworks */ = {isa = PBXBuildFile; productRef = D5637B782B927C2B00F20344 /* FirebaseMessaging */; };
		D5637B7B2B927C2B00F20344 /* FirebasePerformance in Frameworks */ = {isa = PBXBuildFile; productRef = D5637B7A2B927C2B00F20344 /* FirebasePerformance */; };
		D5637B7D2B927C2B00F20344 /* FirebaseRemoteConfig in Frameworks */ = {isa = PBXBuildFile; productRef = D5637B7C2B927C2B00F20344 /* FirebaseRemoteConfig */; };
		D5637B7F2B927C2B00F20344 /* FirebaseRemoteConfigSwift in Frameworks */ = {isa = PBXBuildFile; productRef = D5637B7E2B927C2B00F20344 /* FirebaseRemoteConfigSwift */; };
		D5637B812B927C2B00F20344 /* FirebaseStorage in Frameworks */ = {isa = PBXBuildFile; productRef = D5637B802B927C2B00F20344 /* FirebaseStorage */; };
		D5637B832B927C2B00F20344 /* FirebaseStorageCombine-Community in Frameworks */ = {isa = PBXBuildFile; productRef = D5637B822B927C2B00F20344 /* FirebaseStorageCombine-Community */; };
		D56635EB2B922B8E00D7EE23 /* FirebaseAnalytics in Frameworks */ = {isa = PBXBuildFile; productRef = D56635EA2B922B8E00D7EE23 /* FirebaseAnalytics */; };
		D56635ED2B922B8E00D7EE23 /* FirebaseAnalyticsOnDeviceConversion in Frameworks */ = {isa = PBXBuildFile; productRef = D56635EC2B922B8E00D7EE23 /* FirebaseAnalyticsOnDeviceConversion */; };
		D56635EF2B922B8E00D7EE23 /* FirebaseAnalyticsSwift in Frameworks */ = {isa = PBXBuildFile; productRef = D56635EE2B922B8E00D7EE23 /* FirebaseAnalyticsSwift */; };
		D56635F12B922B8E00D7EE23 /* FirebaseAnalyticsWithoutAdIdSupport in Frameworks */ = {isa = PBXBuildFile; productRef = D56635F02B922B8E00D7EE23 /* FirebaseAnalyticsWithoutAdIdSupport */; };
		D56635F32B922B8E00D7EE23 /* FirebaseAppCheck in Frameworks */ = {isa = PBXBuildFile; productRef = D56635F22B922B8E00D7EE23 /* FirebaseAppCheck */; };
		D56635F52B922B8E00D7EE23 /* FirebaseAppDistribution-Beta in Frameworks */ = {isa = PBXBuildFile; productRef = D56635F42B922B8E00D7EE23 /* FirebaseAppDistribution-Beta */; };
		D56635F72B922B8E00D7EE23 /* FirebaseAuth in Frameworks */ = {isa = PBXBuildFile; productRef = D56635F62B922B8E00D7EE23 /* FirebaseAuth */; };
		D56635F92B922B8E00D7EE23 /* FirebaseAuthCombine-Community in Frameworks */ = {isa = PBXBuildFile; productRef = D56635F82B922B8E00D7EE23 /* FirebaseAuthCombine-Community */; };
		D56635FB2B922B8E00D7EE23 /* FirebaseCrashlytics in Frameworks */ = {isa = PBXBuildFile; productRef = D56635FA2B922B8E00D7EE23 /* FirebaseCrashlytics */; };
		D56635FD2B922B8E00D7EE23 /* FirebaseDatabase in Frameworks */ = {isa = PBXBuildFile; productRef = D56635FC2B922B8E00D7EE23 /* FirebaseDatabase */; };
		D56635FF2B922B8E00D7EE23 /* FirebaseDatabaseSwift in Frameworks */ = {isa = PBXBuildFile; productRef = D56635FE2B922B8E00D7EE23 /* FirebaseDatabaseSwift */; };
		D56636012B922B8E00D7EE23 /* FirebaseDynamicLinks in Frameworks */ = {isa = PBXBuildFile; productRef = D56636002B922B8E00D7EE23 /* FirebaseDynamicLinks */; };
		D56636032B922B8E00D7EE23 /* FirebaseFirestore in Frameworks */ = {isa = PBXBuildFile; productRef = D56636022B922B8E00D7EE23 /* FirebaseFirestore */; };
		D56636052B922B8E00D7EE23 /* FirebaseFirestoreCombine-Community in Frameworks */ = {isa = PBXBuildFile; productRef = D56636042B922B8E00D7EE23 /* FirebaseFirestoreCombine-Community */; };
		D56636072B922B8E00D7EE23 /* FirebaseFirestoreSwift in Frameworks */ = {isa = PBXBuildFile; productRef = D56636062B922B8E00D7EE23 /* FirebaseFirestoreSwift */; };
		D56636092B922B8E00D7EE23 /* FirebaseMessaging in Frameworks */ = {isa = PBXBuildFile; productRef = D56636082B922B8E00D7EE23 /* FirebaseMessaging */; };
		D566360B2B922B8E00D7EE23 /* FirebasePerformance in Frameworks */ = {isa = PBXBuildFile; productRef = D566360A2B922B8E00D7EE23 /* FirebasePerformance */; };
		D566360D2B922B8E00D7EE23 /* FirebaseRemoteConfig in Frameworks */ = {isa = PBXBuildFile; productRef = D566360C2B922B8E00D7EE23 /* FirebaseRemoteConfig */; };
		D566360F2B922B8E00D7EE23 /* FirebaseRemoteConfigSwift in Frameworks */ = {isa = PBXBuildFile; productRef = D566360E2B922B8E00D7EE23 /* FirebaseRemoteConfigSwift */; };
		D56636112B922B8E00D7EE23 /* FirebaseStorage in Frameworks */ = {isa = PBXBuildFile; productRef = D56636102B922B8E00D7EE23 /* FirebaseStorage */; };
		D56636132B922B8E00D7EE23 /* FirebaseStorageCombine-Community in Frameworks */ = {isa = PBXBuildFile; productRef = D56636122B922B8E00D7EE23 /* FirebaseStorageCombine-Community */; };
		D56636162B922E5900D7EE23 /* Extensions.swift in Sources */ = {isa = PBXBuildFile; fileRef = D56636152B922E5900D7EE23 /* Extensions.swift */; };
		D57D71FC2B8E952000A6BB9F /* HeaderView.swift in Sources */ = {isa = PBXBuildFile; fileRef = D57D71FB2B8E952000A6BB9F /* HeaderView.swift */; };
		D57D71FE2B8E97CF00A6BB9F /* BigButtonView.swift in Sources */ = {isa = PBXBuildFile; fileRef = D57D71FD2B8E97CF00A6BB9F /* BigButtonView.swift */; };
/* End PBXBuildFile section */

/* Begin PBXFileReference section */
		D5320E6A2B8E7BBF0096B786 /* todoapp.app */ = {isa = PBXFileReference; explicitFileType = wrapper.application; includeInIndex = 0; path = todoapp.app; sourceTree = BUILT_PRODUCTS_DIR; };
		D5320E6D2B8E7BBF0096B786 /* todoappApp.swift */ = {isa = PBXFileReference; lastKnownFileType = sourcecode.swift; path = todoappApp.swift; sourceTree = "<group>"; };
		D5320E6F2B8E7BBF0096B786 /* MainView.swift */ = {isa = PBXFileReference; lastKnownFileType = sourcecode.swift; path = MainView.swift; sourceTree = "<group>"; };
		D5320E712B8E7BC00096B786 /* Assets.xcassets */ = {isa = PBXFileReference; lastKnownFileType = folder.assetcatalog; path = Assets.xcassets; sourceTree = "<group>"; };
		D5320E742B8E7BC00096B786 /* Preview Assets.xcassets */ = {isa = PBXFileReference; lastKnownFileType = folder.assetcatalog; path = "Preview Assets.xcassets"; sourceTree = "<group>"; };
		D5320E862B8E7EDE0096B786 /* GoogleService-Info.plist */ = {isa = PBXFileReference; fileEncoding = 4; lastKnownFileType = text.plist.xml; path = "GoogleService-Info.plist"; sourceTree = "<group>"; };
		D5320E8F2B8E81750096B786 /* ProfileView.swift */ = {isa = PBXFileReference; lastKnownFileType = sourcecode.swift; path = ProfileView.swift; sourceTree = "<group>"; };
		D5320E912B8E81810096B786 /* TodoListView.swift */ = {isa = PBXFileReference; lastKnownFileType = sourcecode.swift; path = TodoListView.swift; sourceTree = "<group>"; };
		D5320E932B8E81900096B786 /* NewItemView.swift */ = {isa = PBXFileReference; lastKnownFileType = sourcecode.swift; path = NewItemView.swift; sourceTree = "<group>"; };
		D5320E952B8E819D0096B786 /* LoginView.swift */ = {isa = PBXFileReference; lastKnownFileType = sourcecode.swift; path = LoginView.swift; sourceTree = "<group>"; };
		D5320E972B8E81A30096B786 /* RegisterView.swift */ = {isa = PBXFileReference; lastKnownFileType = sourcecode.swift; path = RegisterView.swift; sourceTree = "<group>"; };
		D5320E992B8E81B00096B786 /* ToDoListItemView.swift */ = {isa = PBXFileReference; lastKnownFileType = sourcecode.swift; path = ToDoListItemView.swift; sourceTree = "<group>"; };
		D5320E9B2B8E83DB0096B786 /* User.swift */ = {isa = PBXFileReference; lastKnownFileType = sourcecode.swift; path = User.swift; sourceTree = "<group>"; };
		D5320E9D2B8E83E30096B786 /* ToDoListItem.swift */ = {isa = PBXFileReference; lastKnownFileType = sourcecode.swift; path = ToDoListItem.swift; sourceTree = "<group>"; };
		D5320E9F2B8E84000096B786 /* MainViewViewModel.swift */ = {isa = PBXFileReference; lastKnownFileType = sourcecode.swift; path = MainViewViewModel.swift; sourceTree = "<group>"; };
		D5320EA12B8E84080096B786 /* ProfileViewViewModel.swift */ = {isa = PBXFileReference; lastKnownFileType = sourcecode.swift; path = ProfileViewViewModel.swift; sourceTree = "<group>"; };
		D5320EA32B8E84150096B786 /* NewItemViewViewModel.swift */ = {isa = PBXFileReference; lastKnownFileType = sourcecode.swift; path = NewItemViewViewModel.swift; sourceTree = "<group>"; };
		D5320EA52B8E841C0096B786 /* LoginViewViewModel.swift */ = {isa = PBXFileReference; lastKnownFileType = sourcecode.swift; path = LoginViewViewModel.swift; sourceTree = "<group>"; };
		D5320EA72B8E84240096B786 /* RegisterViewViewModel.swift */ = {isa = PBXFileReference; lastKnownFileType = sourcecode.swift; path = RegisterViewViewModel.swift; sourceTree = "<group>"; };
		D5320EA92B8E842B0096B786 /* ToDoListViewViewModel.swift */ = {isa = PBXFileReference; lastKnownFileType = sourcecode.swift; path = ToDoListViewViewModel.swift; sourceTree = "<group>"; };
		D5320EAB2B8E84360096B786 /* ToDoListItemViewViewModel.swift */ = {isa = PBXFileReference; lastKnownFileType = sourcecode.swift; path = ToDoListItemViewViewModel.swift; sourceTree = "<group>"; };
		D56636152B922E5900D7EE23 /* Extensions.swift */ = {isa = PBXFileReference; lastKnownFileType = sourcecode.swift; path = Extensions.swift; sourceTree = "<group>"; };
		D57D71FB2B8E952000A6BB9F /* HeaderView.swift */ = {isa = PBXFileReference; lastKnownFileType = sourcecode.swift; path = HeaderView.swift; sourceTree = "<group>"; };
		D57D71FD2B8E97CF00A6BB9F /* BigButtonView.swift */ = {isa = PBXFileReference; lastKnownFileType = sourcecode.swift; path = BigButtonView.swift; sourceTree = "<group>"; };
/* End PBXFileReference section */

/* Begin PBXFrameworksBuildPhase section */
		D5320E672B8E7BBF0096B786 /* Frameworks */ = {
			isa = PBXFrameworksBuildPhase;
			buildActionMask = 2147483647;
			files = (
				D5637B792B927C2B00F20344 /* FirebaseMessaging in Frameworks */,
				D5637B532B927C2B00F20344 /* FirebaseAnalyticsSwift in Frameworks */,
				D5637B552B927C2B00F20344 /* FirebaseAnalyticsWithoutAdIdSupport in Frameworks */,
				D566360B2B922B8E00D7EE23 /* FirebasePerformance in Frameworks */,
				D5637B5D2B927C2B00F20344 /* FirebaseAuthCombine-Community in Frameworks */,
				D56636052B922B8E00D7EE23 /* FirebaseFirestoreCombine-Community in Frameworks */,
				D5637B752B927C2B00F20344 /* FirebaseInstallations in Frameworks */,
				D56635FD2B922B8E00D7EE23 /* FirebaseDatabase in Frameworks */,
				D5637B612B927C2B00F20344 /* FirebaseDatabase in Frameworks */,
				D5637B7F2B927C2B00F20344 /* FirebaseRemoteConfigSwift in Frameworks */,
				D5637B732B927C2B00F20344 /* FirebaseInAppMessagingSwift-Beta in Frameworks */,
				D5637B512B927C2B00F20344 /* FirebaseAnalyticsOnDeviceConversion in Frameworks */,
				D56636112B922B8E00D7EE23 /* FirebaseStorage in Frameworks */,
				D5637B5B2B927C2B00F20344 /* FirebaseAuth in Frameworks */,
				D5637B592B927C2B00F20344 /* FirebaseAppDistribution-Beta in Frameworks */,
				D5320E812B8E7DF00096B786 /* FirebaseAnalyticsSwift in Frameworks */,
				D5637B832B927C2B00F20344 /* FirebaseStorageCombine-Community in Frameworks */,
				D5320E7D2B8E7DF00096B786 /* FirebaseAnalytics in Frameworks */,
				D56635EB2B922B8E00D7EE23 /* FirebaseAnalytics in Frameworks */,
				D5637B672B927C2B00F20344 /* FirebaseFirestore in Frameworks */,
				D5637B6D2B927C2B00F20344 /* FirebaseFunctions in Frameworks */,
				D5637B7D2B927C2B00F20344 /* FirebaseRemoteConfig in Frameworks */,
				D5637B812B927C2B00F20344 /* FirebaseStorage in Frameworks */,
				D56635FB2B922B8E00D7EE23 /* FirebaseCrashlytics in Frameworks */,
				D56636032B922B8E00D7EE23 /* FirebaseFirestore in Frameworks */,
				D5637B6F2B927C2B00F20344 /* FirebaseFunctionsCombine-Community in Frameworks */,
				D5637B772B927C2B00F20344 /* FirebaseMLModelDownloader in Frameworks */,
				D56636012B922B8E00D7EE23 /* FirebaseDynamicLinks in Frameworks */,
				D566360F2B922B8E00D7EE23 /* FirebaseRemoteConfigSwift in Frameworks */,
				D5637B5F2B927C2B00F20344 /* FirebaseCrashlytics in Frameworks */,
				D5637B572B927C2B00F20344 /* FirebaseAppCheck in Frameworks */,
				D56635ED2B922B8E00D7EE23 /* FirebaseAnalyticsOnDeviceConversion in Frameworks */,
				D56636092B922B8E00D7EE23 /* FirebaseMessaging in Frameworks */,
				D56635F92B922B8E00D7EE23 /* FirebaseAuthCombine-Community in Frameworks */,
				D5637B6B2B927C2B00F20344 /* FirebaseFirestoreSwift in Frameworks */,
				D56635EF2B922B8E00D7EE23 /* FirebaseAnalyticsSwift in Frameworks */,
				D56635FF2B922B8E00D7EE23 /* FirebaseDatabaseSwift in Frameworks */,
				D56636132B922B8E00D7EE23 /* FirebaseStorageCombine-Community in Frameworks */,
				D5637B632B927C2B00F20344 /* FirebaseDatabaseSwift in Frameworks */,
				D5637B4F2B927C2B00F20344 /* FirebaseAnalytics in Frameworks */,
				D5320E7F2B8E7DF00096B786 /* FirebaseAnalyticsOnDeviceConversion in Frameworks */,
				D5320E852B8E7DF00096B786 /* FirebaseAppCheck in Frameworks */,
				D56635F72B922B8E00D7EE23 /* FirebaseAuth in Frameworks */,
				D5637B652B927C2B00F20344 /* FirebaseDynamicLinks in Frameworks */,
				D5637B692B927C2B00F20344 /* FirebaseFirestoreCombine-Community in Frameworks */,
				D56636072B922B8E00D7EE23 /* FirebaseFirestoreSwift in Frameworks */,
				D5637B7B2B927C2B00F20344 /* FirebasePerformance in Frameworks */,
				D566360D2B922B8E00D7EE23 /* FirebaseRemoteConfig in Frameworks */,
				D5637B712B927C2B00F20344 /* FirebaseInAppMessaging-Beta in Frameworks */,
				D56635F12B922B8E00D7EE23 /* FirebaseAnalyticsWithoutAdIdSupport in Frameworks */,
				D56635F32B922B8E00D7EE23 /* FirebaseAppCheck in Frameworks */,
				D56635F52B922B8E00D7EE23 /* FirebaseAppDistribution-Beta in Frameworks */,
				D5320E832B8E7DF00096B786 /* FirebaseAnalyticsWithoutAdIdSupport in Frameworks */,
			);
			runOnlyForDeploymentPostprocessing = 0;
		};
/* End PBXFrameworksBuildPhase section */

/* Begin PBXGroup section */
		D5320E612B8E7BBF0096B786 = {
			isa = PBXGroup;
			children = (
				D5320E6C2B8E7BBF0096B786 /* todoapp */,
				D5320E6B2B8E7BBF0096B786 /* Products */,
			);
			sourceTree = "<group>";
		};
		D5320E6B2B8E7BBF0096B786 /* Products */ = {
			isa = PBXGroup;
			children = (
				D5320E6A2B8E7BBF0096B786 /* todoapp.app */,
			);
			name = Products;
			sourceTree = "<group>";
		};
		D5320E6C2B8E7BBF0096B786 /* todoapp */ = {
			isa = PBXGroup;
			children = (
				D5320E8D2B8E80490096B786 /* Others */,
				D5320E8C2B8E80400096B786 /* ViewModels */,
				D5320E8A2B8E7FF50096B786 /* Models */,
				D5320E892B8E7FED0096B786 /* Views */,
				D5320E732B8E7BC00096B786 /* Preview Content */,
			);
			path = todoapp;
			sourceTree = "<group>";
		};
		D5320E732B8E7BC00096B786 /* Preview Content */ = {
			isa = PBXGroup;
			children = (
				D5320E742B8E7BC00096B786 /* Preview Assets.xcassets */,
			);
			path = "Preview Content";
			sourceTree = "<group>";
		};
		D5320E892B8E7FED0096B786 /* Views */ = {
			isa = PBXGroup;
			children = (
				D5320E6F2B8E7BBF0096B786 /* MainView.swift */,
				D5320E8F2B8E81750096B786 /* ProfileView.swift */,
				D5320E912B8E81810096B786 /* TodoListView.swift */,
				D5320E932B8E81900096B786 /* NewItemView.swift */,
				D5320E952B8E819D0096B786 /* LoginView.swift */,
				D5320E972B8E81A30096B786 /* RegisterView.swift */,
				D5320E992B8E81B00096B786 /* ToDoListItemView.swift */,
				D57D71FB2B8E952000A6BB9F /* HeaderView.swift */,
				D57D71FD2B8E97CF00A6BB9F /* BigButtonView.swift */,
			);
			path = Views;
			sourceTree = "<group>";
		};
		D5320E8A2B8E7FF50096B786 /* Models */ = {
			isa = PBXGroup;
			children = (
				D5320E9B2B8E83DB0096B786 /* User.swift */,
				D5320E9D2B8E83E30096B786 /* ToDoListItem.swift */,
			);
			path = Models;
			sourceTree = "<group>";
		};
		D5320E8C2B8E80400096B786 /* ViewModels */ = {
			isa = PBXGroup;
			children = (
				D5320E9F2B8E84000096B786 /* MainViewViewModel.swift */,
				D5320EA12B8E84080096B786 /* ProfileViewViewModel.swift */,
				D5320EA32B8E84150096B786 /* NewItemViewViewModel.swift */,
				D5320EA52B8E841C0096B786 /* LoginViewViewModel.swift */,
				D5320EA72B8E84240096B786 /* RegisterViewViewModel.swift */,
				D5320EA92B8E842B0096B786 /* ToDoListViewViewModel.swift */,
				D5320EAB2B8E84360096B786 /* ToDoListItemViewViewModel.swift */,
			);
			path = ViewModels;
			sourceTree = "<group>";
		};
		D5320E8D2B8E80490096B786 /* Others */ = {
			isa = PBXGroup;
			children = (
				D5320E6D2B8E7BBF0096B786 /* todoappApp.swift */,
				D5320E862B8E7EDE0096B786 /* GoogleService-Info.plist */,
				D5320E712B8E7BC00096B786 /* Assets.xcassets */,
				D56636152B922E5900D7EE23 /* Extensions.swift */,
			);
			path = Others;
			sourceTree = "<group>";
		};
/* End PBXGroup section */

/* Begin PBXNativeTarget section */
		D5320E692B8E7BBF0096B786 /* todoapp */ = {
			isa = PBXNativeTarget;
			buildConfigurationList = D5320E782B8E7BC00096B786 /* Build configuration list for PBXNativeTarget "todoapp" */;
			buildPhases = (
				D5320E662B8E7BBF0096B786 /* Sources */,
				D5320E672B8E7BBF0096B786 /* Frameworks */,
				D5320E682B8E7BBF0096B786 /* Resources */,
			);
			buildRules = (
			);
			dependencies = (
			);
			name = todoapp;
			packageProductDependencies = (
				D5320E7C2B8E7DF00096B786 /* FirebaseAnalytics */,
				D5320E7E2B8E7DF00096B786 /* FirebaseAnalyticsOnDeviceConversion */,
				D5320E802B8E7DF00096B786 /* FirebaseAnalyticsSwift */,
				D5320E822B8E7DF00096B786 /* FirebaseAnalyticsWithoutAdIdSupport */,
				D5320E842B8E7DF00096B786 /* FirebaseAppCheck */,
				D56635EA2B922B8E00D7EE23 /* FirebaseAnalytics */,
				D56635EC2B922B8E00D7EE23 /* FirebaseAnalyticsOnDeviceConversion */,
				D56635EE2B922B8E00D7EE23 /* FirebaseAnalyticsSwift */,
				D56635F02B922B8E00D7EE23 /* FirebaseAnalyticsWithoutAdIdSupport */,
				D56635F22B922B8E00D7EE23 /* FirebaseAppCheck */,
				D56635F42B922B8E00D7EE23 /* FirebaseAppDistribution-Beta */,
				D56635F62B922B8E00D7EE23 /* FirebaseAuth */,
				D56635F82B922B8E00D7EE23 /* FirebaseAuthCombine-Community */,
				D56635FA2B922B8E00D7EE23 /* FirebaseCrashlytics */,
				D56635FC2B922B8E00D7EE23 /* FirebaseDatabase */,
				D56635FE2B922B8E00D7EE23 /* FirebaseDatabaseSwift */,
				D56636002B922B8E00D7EE23 /* FirebaseDynamicLinks */,
				D56636022B922B8E00D7EE23 /* FirebaseFirestore */,
				D56636042B922B8E00D7EE23 /* FirebaseFirestoreCombine-Community */,
				D56636062B922B8E00D7EE23 /* FirebaseFirestoreSwift */,
				D56636082B922B8E00D7EE23 /* FirebaseMessaging */,
				D566360A2B922B8E00D7EE23 /* FirebasePerformance */,
				D566360C2B922B8E00D7EE23 /* FirebaseRemoteConfig */,
				D566360E2B922B8E00D7EE23 /* FirebaseRemoteConfigSwift */,
				D56636102B922B8E00D7EE23 /* FirebaseStorage */,
				D56636122B922B8E00D7EE23 /* FirebaseStorageCombine-Community */,
				D5637B4E2B927C2B00F20344 /* FirebaseAnalytics */,
				D5637B502B927C2B00F20344 /* FirebaseAnalyticsOnDeviceConversion */,
				D5637B522B927C2B00F20344 /* FirebaseAnalyticsSwift */,
				D5637B542B927C2B00F20344 /* FirebaseAnalyticsWithoutAdIdSupport */,
				D5637B562B927C2B00F20344 /* FirebaseAppCheck */,
				D5637B582B927C2B00F20344 /* FirebaseAppDistribution-Beta */,
				D5637B5A2B927C2B00F20344 /* FirebaseAuth */,
				D5637B5C2B927C2B00F20344 /* FirebaseAuthCombine-Community */,
				D5637B5E2B927C2B00F20344 /* FirebaseCrashlytics */,
				D5637B602B927C2B00F20344 /* FirebaseDatabase */,
				D5637B622B927C2B00F20344 /* FirebaseDatabaseSwift */,
				D5637B642B927C2B00F20344 /* FirebaseDynamicLinks */,
				D5637B662B927C2B00F20344 /* FirebaseFirestore */,
				D5637B682B927C2B00F20344 /* FirebaseFirestoreCombine-Community */,
				D5637B6A2B927C2B00F20344 /* FirebaseFirestoreSwift */,
				D5637B6C2B927C2B00F20344 /* FirebaseFunctions */,
				D5637B6E2B927C2B00F20344 /* FirebaseFunctionsCombine-Community */,
				D5637B702B927C2B00F20344 /* FirebaseInAppMessaging-Beta */,
				D5637B722B927C2B00F20344 /* FirebaseInAppMessagingSwift-Beta */,
				D5637B742B927C2B00F20344 /* FirebaseInstallations */,
				D5637B762B927C2B00F20344 /* FirebaseMLModelDownloader */,
				D5637B782B927C2B00F20344 /* FirebaseMessaging */,
				D5637B7A2B927C2B00F20344 /* FirebasePerformance */,
				D5637B7C2B927C2B00F20344 /* FirebaseRemoteConfig */,
				D5637B7E2B927C2B00F20344 /* FirebaseRemoteConfigSwift */,
				D5637B802B927C2B00F20344 /* FirebaseStorage */,
				D5637B822B927C2B00F20344 /* FirebaseStorageCombine-Community */,
			);
			productName = todoapp;
			productReference = D5320E6A2B8E7BBF0096B786 /* todoapp.app */;
			productType = "com.apple.product-type.application";
		};
/* End PBXNativeTarget section */

/* Begin PBXProject section */
		D5320E622B8E7BBF0096B786 /* Project object */ = {
			isa = PBXProject;
			attributes = {
				BuildIndependentTargetsInParallel = 1;
				LastSwiftUpdateCheck = 1500;
				LastUpgradeCheck = 1500;
				TargetAttributes = {
					D5320E692B8E7BBF0096B786 = {
						CreatedOnToolsVersion = 15.0.1;
					};
				};
			};
			buildConfigurationList = D5320E652B8E7BBF0096B786 /* Build configuration list for PBXProject "todoapp" */;
			compatibilityVersion = "Xcode 14.0";
			developmentRegion = en;
			hasScannedForEncodings = 0;
			knownRegions = (
				en,
				Base,
			);
			mainGroup = D5320E612B8E7BBF0096B786;
			packageReferences = (
				D5320E7B2B8E7DF00096B786 /* XCRemoteSwiftPackageReference "firebase-ios-sdk" */,
			);
			productRefGroup = D5320E6B2B8E7BBF0096B786 /* Products */;
			projectDirPath = "";
			projectRoot = "";
			targets = (
				D5320E692B8E7BBF0096B786 /* todoapp */,
			);
		};
/* End PBXProject section */

/* Begin PBXResourcesBuildPhase section */
		D5320E682B8E7BBF0096B786 /* Resources */ = {
			isa = PBXResourcesBuildPhase;
			buildActionMask = 2147483647;
			files = (
				D5320E752B8E7BC00096B786 /* Preview Assets.xcassets in Resources */,
				D5320E722B8E7BC00096B786 /* Assets.xcassets in Resources */,
				D5320E872B8E7EDE0096B786 /* GoogleService-Info.plist in Resources */,
			);
			runOnlyForDeploymentPostprocessing = 0;
		};
/* End PBXResourcesBuildPhase section */

/* Begin PBXSourcesBuildPhase section */
		D5320E662B8E7BBF0096B786 /* Sources */ = {
			isa = PBXSourcesBuildPhase;
			buildActionMask = 2147483647;
			files = (
				D5320E962B8E819D0096B786 /* LoginView.swift in Sources */,
				D57D71FC2B8E952000A6BB9F /* HeaderView.swift in Sources */,
				D5320EA62B8E841C0096B786 /* LoginViewViewModel.swift in Sources */,
				D57D71FE2B8E97CF00A6BB9F /* BigButtonView.swift in Sources */,
				D5320E702B8E7BBF0096B786 /* MainView.swift in Sources */,
				D5320EA02B8E84000096B786 /* MainViewViewModel.swift in Sources */,
				D5320EA42B8E84150096B786 /* NewItemViewViewModel.swift in Sources */,
				D5320EA82B8E84240096B786 /* RegisterViewViewModel.swift in Sources */,
				D5320E902B8E81750096B786 /* ProfileView.swift in Sources */,
				D5320E982B8E81A30096B786 /* RegisterView.swift in Sources */,
				D5320EA22B8E84080096B786 /* ProfileViewViewModel.swift in Sources */,
				D5320E922B8E81810096B786 /* TodoListView.swift in Sources */,
				D5320E9C2B8E83DB0096B786 /* User.swift in Sources */,
				D5320E9A2B8E81B00096B786 /* ToDoListItemView.swift in Sources */,
				D5320E6E2B8E7BBF0096B786 /* todoappApp.swift in Sources */,
				D56636162B922E5900D7EE23 /* Extensions.swift in Sources */,
				D5320E9E2B8E83E30096B786 /* ToDoListItem.swift in Sources */,
				D5320E942B8E81900096B786 /* NewItemView.swift in Sources */,
				D5320EAA2B8E842B0096B786 /* ToDoListViewViewModel.swift in Sources */,
				D5320EAC2B8E84360096B786 /* ToDoListItemViewViewModel.swift in Sources */,
			);
			runOnlyForDeploymentPostprocessing = 0;
		};
/* End PBXSourcesBuildPhase section */

/* Begin XCBuildConfiguration section */
		D5320E762B8E7BC00096B786 /* Debug */ = {
			isa = XCBuildConfiguration;
			buildSettings = {
				ALWAYS_SEARCH_USER_PATHS = NO;
				ASSETCATALOG_COMPILER_GENERATE_SWIFT_ASSET_SYMBOL_EXTENSIONS = YES;
				CLANG_ANALYZER_NONNULL = YES;
				CLANG_ANALYZER_NUMBER_OBJECT_CONVERSION = YES_AGGRESSIVE;
				CLANG_CXX_LANGUAGE_STANDARD = "gnu++20";
				CLANG_ENABLE_MODULES = YES;
				CLANG_ENABLE_OBJC_ARC = YES;
				CLANG_ENABLE_OBJC_WEAK = YES;
				CLANG_WARN_BLOCK_CAPTURE_AUTORELEASING = YES;
				CLANG_WARN_BOOL_CONVERSION = YES;
				CLANG_WARN_COMMA = YES;
				CLANG_WARN_CONSTANT_CONVERSION = YES;
				CLANG_WARN_DEPRECATED_OBJC_IMPLEMENTATIONS = YES;
				CLANG_WARN_DIRECT_OBJC_ISA_USAGE = YES_ERROR;
				CLANG_WARN_DOCUMENTATION_COMMENTS = YES;
				CLANG_WARN_EMPTY_BODY = YES;
				CLANG_WARN_ENUM_CONVERSION = YES;
				CLANG_WARN_INFINITE_RECURSION = YES;
				CLANG_WARN_INT_CONVERSION = YES;
				CLANG_WARN_NON_LITERAL_NULL_CONVERSION = YES;
				CLANG_WARN_OBJC_IMPLICIT_RETAIN_SELF = YES;
				CLANG_WARN_OBJC_LITERAL_CONVERSION = YES;
				CLANG_WARN_OBJC_ROOT_CLASS = YES_ERROR;
				CLANG_WARN_QUOTED_INCLUDE_IN_FRAMEWORK_HEADER = YES;
				CLANG_WARN_RANGE_LOOP_ANALYSIS = YES;
				CLANG_WARN_STRICT_PROTOTYPES = YES;
				CLANG_WARN_SUSPICIOUS_MOVE = YES;
				CLANG_WARN_UNGUARDED_AVAILABILITY = YES_AGGRESSIVE;
				CLANG_WARN_UNREACHABLE_CODE = YES;
				CLANG_WARN__DUPLICATE_METHOD_MATCH = YES;
				COPY_PHASE_STRIP = NO;
				DEBUG_INFORMATION_FORMAT = dwarf;
				ENABLE_STRICT_OBJC_MSGSEND = YES;
				ENABLE_TESTABILITY = YES;
				ENABLE_USER_SCRIPT_SANDBOXING = YES;
				GCC_C_LANGUAGE_STANDARD = gnu17;
				GCC_DYNAMIC_NO_PIC = NO;
				GCC_NO_COMMON_BLOCKS = YES;
				GCC_OPTIMIZATION_LEVEL = 0;
				GCC_PREPROCESSOR_DEFINITIONS = (
					"DEBUG=1",
					"$(inherited)",
				);
				GCC_WARN_64_TO_32_BIT_CONVERSION = YES;
				GCC_WARN_ABOUT_RETURN_TYPE = YES_ERROR;
				GCC_WARN_UNDECLARED_SELECTOR = YES;
				GCC_WARN_UNINITIALIZED_AUTOS = YES_AGGRESSIVE;
				GCC_WARN_UNUSED_FUNCTION = YES;
				GCC_WARN_UNUSED_VARIABLE = YES;
				IPHONEOS_DEPLOYMENT_TARGET = 17.0;
				LOCALIZATION_PREFERS_STRING_CATALOGS = YES;
				MTL_ENABLE_DEBUG_INFO = INCLUDE_SOURCE;
				MTL_FAST_MATH = YES;
				ONLY_ACTIVE_ARCH = YES;
				SDKROOT = iphoneos;
				SWIFT_ACTIVE_COMPILATION_CONDITIONS = "DEBUG $(inherited)";
				SWIFT_OPTIMIZATION_LEVEL = "-Onone";
			};
			name = Debug;
		};
		D5320E772B8E7BC00096B786 /* Release */ = {
			isa = XCBuildConfiguration;
			buildSettings = {
				ALWAYS_SEARCH_USER_PATHS = NO;
				ASSETCATALOG_COMPILER_GENERATE_SWIFT_ASSET_SYMBOL_EXTENSIONS = YES;
				CLANG_ANALYZER_NONNULL = YES;
				CLANG_ANALYZER_NUMBER_OBJECT_CONVERSION = YES_AGGRESSIVE;
				CLANG_CXX_LANGUAGE_STANDARD = "gnu++20";
				CLANG_ENABLE_MODULES = YES;
				CLANG_ENABLE_OBJC_ARC = YES;
				CLANG_ENABLE_OBJC_WEAK = YES;
				CLANG_WARN_BLOCK_CAPTURE_AUTORELEASING = YES;
				CLANG_WARN_BOOL_CONVERSION = YES;
				CLANG_WARN_COMMA = YES;
				CLANG_WARN_CONSTANT_CONVERSION = YES;
				CLANG_WARN_DEPRECATED_OBJC_IMPLEMENTATIONS = YES;
				CLANG_WARN_DIRECT_OBJC_ISA_USAGE = YES_ERROR;
				CLANG_WARN_DOCUMENTATION_COMMENTS = YES;
				CLANG_WARN_EMPTY_BODY = YES;
				CLANG_WARN_ENUM_CONVERSION = YES;
				CLANG_WARN_INFINITE_RECURSION = YES;
				CLANG_WARN_INT_CONVERSION = YES;
				CLANG_WARN_NON_LITERAL_NULL_CONVERSION = YES;
				CLANG_WARN_OBJC_IMPLICIT_RETAIN_SELF = YES;
				CLANG_WARN_OBJC_LITERAL_CONVERSION = YES;
				CLANG_WARN_OBJC_ROOT_CLASS = YES_ERROR;
				CLANG_WARN_QUOTED_INCLUDE_IN_FRAMEWORK_HEADER = YES;
				CLANG_WARN_RANGE_LOOP_ANALYSIS = YES;
				CLANG_WARN_STRICT_PROTOTYPES = YES;
				CLANG_WARN_SUSPICIOUS_MOVE = YES;
				CLANG_WARN_UNGUARDED_AVAILABILITY = YES_AGGRESSIVE;
				CLANG_WARN_UNREACHABLE_CODE = YES;
				CLANG_WARN__DUPLICATE_METHOD_MATCH = YES;
				COPY_PHASE_STRIP = NO;
				DEBUG_INFORMATION_FORMAT = "dwarf-with-dsym";
				ENABLE_NS_ASSERTIONS = NO;
				ENABLE_STRICT_OBJC_MSGSEND = YES;
				ENABLE_USER_SCRIPT_SANDBOXING = YES;
				GCC_C_LANGUAGE_STANDARD = gnu17;
				GCC_NO_COMMON_BLOCKS = YES;
				GCC_WARN_64_TO_32_BIT_CONVERSION = YES;
				GCC_WARN_ABOUT_RETURN_TYPE = YES_ERROR;
				GCC_WARN_UNDECLARED_SELECTOR = YES;
				GCC_WARN_UNINITIALIZED_AUTOS = YES_AGGRESSIVE;
				GCC_WARN_UNUSED_FUNCTION = YES;
				GCC_WARN_UNUSED_VARIABLE = YES;
				IPHONEOS_DEPLOYMENT_TARGET = 17.0;
				LOCALIZATION_PREFERS_STRING_CATALOGS = YES;
				MTL_ENABLE_DEBUG_INFO = NO;
				MTL_FAST_MATH = YES;
				SDKROOT = iphoneos;
				SWIFT_COMPILATION_MODE = wholemodule;
				VALIDATE_PRODUCT = YES;
			};
			name = Release;
		};
		D5320E792B8E7BC00096B786 /* Debug */ = {
			isa = XCBuildConfiguration;
			buildSettings = {
				ASSETCATALOG_COMPILER_APPICON_NAME = AppIcon;
				ASSETCATALOG_COMPILER_GLOBAL_ACCENT_COLOR_NAME = AccentColor;
				CODE_SIGN_STYLE = Automatic;
				CURRENT_PROJECT_VERSION = 1;
				DEVELOPMENT_ASSET_PATHS = "\"todoapp/Preview Content\"";
				ENABLE_PREVIEWS = YES;
				GENERATE_INFOPLIST_FILE = YES;
				INFOPLIST_KEY_CFBundleDisplayName = "Todo App ";
				INFOPLIST_KEY_UIApplicationSceneManifest_Generation = YES;
				INFOPLIST_KEY_UIApplicationSupportsIndirectInputEvents = YES;
				INFOPLIST_KEY_UILaunchScreen_Generation = YES;
				INFOPLIST_KEY_UISupportedInterfaceOrientations = UIInterfaceOrientationPortrait;
				LD_RUNPATH_SEARCH_PATHS = (
					"$(inherited)",
					"@executable_path/Frameworks",
				);
				MARKETING_VERSION = 1.0;
				PRODUCT_BUNDLE_IDENTIFIER = com.alpayergul.todoapp;
				PRODUCT_NAME = "$(TARGET_NAME)";
				SWIFT_EMIT_LOC_STRINGS = YES;
				SWIFT_VERSION = 5.0;
				TARGETED_DEVICE_FAMILY = "1,2";
			};
			name = Debug;
		};
		D5320E7A2B8E7BC00096B786 /* Release */ = {
			isa = XCBuildConfiguration;
			buildSettings = {
				ASSETCATALOG_COMPILER_APPICON_NAME = AppIcon;
				ASSETCATALOG_COMPILER_GLOBAL_ACCENT_COLOR_NAME = AccentColor;
				CODE_SIGN_STYLE = Automatic;
				CURRENT_PROJECT_VERSION = 1;
				DEVELOPMENT_ASSET_PATHS = "\"todoapp/Preview Content\"";
				ENABLE_PREVIEWS = YES;
				GENERATE_INFOPLIST_FILE = YES;
				INFOPLIST_KEY_CFBundleDisplayName = "Todo App ";
				INFOPLIST_KEY_UIApplicationSceneManifest_Generation = YES;
				INFOPLIST_KEY_UIApplicationSupportsIndirectInputEvents = YES;
				INFOPLIST_KEY_UILaunchScreen_Generation = YES;
				INFOPLIST_KEY_UISupportedInterfaceOrientations = UIInterfaceOrientationPortrait;
				LD_RUNPATH_SEARCH_PATHS = (
					"$(inherited)",
					"@executable_path/Frameworks",
				);
				MARKETING_VERSION = 1.0;
				PRODUCT_BUNDLE_IDENTIFIER = com.alpayergul.todoapp;
				PRODUCT_NAME = "$(TARGET_NAME)";
				SWIFT_EMIT_LOC_STRINGS = YES;
				SWIFT_VERSION = 5.0;
				TARGETED_DEVICE_FAMILY = "1,2";
			};
			name = Release;
		};
/* End XCBuildConfiguration section */

/* Begin XCConfigurationList section */
		D5320E652B8E7BBF0096B786 /* Build configuration list for PBXProject "todoapp" */ = {
			isa = XCConfigurationList;
			buildConfigurations = (
				D5320E762B8E7BC00096B786 /* Debug */,
				D5320E772B8E7BC00096B786 /* Release */,
			);
			defaultConfigurationIsVisible = 0;
			defaultConfigurationName = Release;
		};
		D5320E782B8E7BC00096B786 /* Build configuration list for PBXNativeTarget "todoapp" */ = {
			isa = XCConfigurationList;
			buildConfigurations = (
				D5320E792B8E7BC00096B786 /* Debug */,
				D5320E7A2B8E7BC00096B786 /* Release */,
			);
			defaultConfigurationIsVisible = 0;
			defaultConfigurationName = Release;
		};
/* End XCConfigurationList section */

/* Begin XCRemoteSwiftPackageReference section */
		D5320E7B2B8E7DF00096B786 /* XCRemoteSwiftPackageReference "firebase-ios-sdk" */ = {
			isa = XCRemoteSwiftPackageReference;
			repositoryURL = "https://github.com/firebase/firebase-ios-sdk.git";
			requirement = {
				kind = upToNextMajorVersion;
				minimumVersion = 10.21.0;
			};
		};
/* End XCRemoteSwiftPackageReference section */

/* Begin XCSwiftPackageProductDependency section */
		D5320E7C2B8E7DF00096B786 /* FirebaseAnalytics */ = {
			isa = XCSwiftPackageProductDependency;
			package = D5320E7B2B8E7DF00096B786 /* XCRemoteSwiftPackageReference "firebase-ios-sdk" */;
			productName = FirebaseAnalytics;
		};
		D5320E7E2B8E7DF00096B786 /* FirebaseAnalyticsOnDeviceConversion */ = {
			isa = XCSwiftPackageProductDependency;
			package = D5320E7B2B8E7DF00096B786 /* XCRemoteSwiftPackageReference "firebase-ios-sdk" */;
			productName = FirebaseAnalyticsOnDeviceConversion;
		};
		D5320E802B8E7DF00096B786 /* FirebaseAnalyticsSwift */ = {
			isa = XCSwiftPackageProductDependency;
			package = D5320E7B2B8E7DF00096B786 /* XCRemoteSwiftPackageReference "firebase-ios-sdk" */;
			productName = FirebaseAnalyticsSwift;
		};
		D5320E822B8E7DF00096B786 /* FirebaseAnalyticsWithoutAdIdSupport */ = {
			isa = XCSwiftPackageProductDependency;
			package = D5320E7B2B8E7DF00096B786 /* XCRemoteSwiftPackageReference "firebase-ios-sdk" */;
			productName = FirebaseAnalyticsWithoutAdIdSupport;
		};
		D5320E842B8E7DF00096B786 /* FirebaseAppCheck */ = {
			isa = XCSwiftPackageProductDependency;
			package = D5320E7B2B8E7DF00096B786 /* XCRemoteSwiftPackageReference "firebase-ios-sdk" */;
			productName = FirebaseAppCheck;
		};
		D5637B4E2B927C2B00F20344 /* FirebaseAnalytics */ = {
			isa = XCSwiftPackageProductDependency;
			package = D5320E7B2B8E7DF00096B786 /* XCRemoteSwiftPackageReference "firebase-ios-sdk" */;
			productName = FirebaseAnalytics;
		};
		D5637B502B927C2B00F20344 /* FirebaseAnalyticsOnDeviceConversion */ = {
			isa = XCSwiftPackageProductDependency;
			package = D5320E7B2B8E7DF00096B786 /* XCRemoteSwiftPackageReference "firebase-ios-sdk" */;
			productName = FirebaseAnalyticsOnDeviceConversion;
		};
		D5637B522B927C2B00F20344 /* FirebaseAnalyticsSwift */ = {
			isa = XCSwiftPackageProductDependency;
			package = D5320E7B2B8E7DF00096B786 /* XCRemoteSwiftPackageReference "firebase-ios-sdk" */;
			productName = FirebaseAnalyticsSwift;
		};
		D5637B542B927C2B00F20344 /* FirebaseAnalyticsWithoutAdIdSupport */ = {
			isa = XCSwiftPackageProductDependency;
			package = D5320E7B2B8E7DF00096B786 /* XCRemoteSwiftPackageReference "firebase-ios-sdk" */;
			productName = FirebaseAnalyticsWithoutAdIdSupport;
		};
		D5637B562B927C2B00F20344 /* FirebaseAppCheck */ = {
			isa = XCSwiftPackageProductDependency;
			package = D5320E7B2B8E7DF00096B786 /* XCRemoteSwiftPackageReference "firebase-ios-sdk" */;
			productName = FirebaseAppCheck;
		};
		D5637B582B927C2B00F20344 /* FirebaseAppDistribution-Beta */ = {
			isa = XCSwiftPackageProductDependency;
			package = D5320E7B2B8E7DF00096B786 /* XCRemoteSwiftPackageReference "firebase-ios-sdk" */;
			productName = "FirebaseAppDistribution-Beta";
		};
		D5637B5A2B927C2B00F20344 /* FirebaseAuth */ = {
			isa = XCSwiftPackageProductDependency;
			package = D5320E7B2B8E7DF00096B786 /* XCRemoteSwiftPackageReference "firebase-ios-sdk" */;
			productName = FirebaseAuth;
		};
		D5637B5C2B927C2B00F20344 /* FirebaseAuthCombine-Community */ = {
			isa = XCSwiftPackageProductDependency;
			package = D5320E7B2B8E7DF00096B786 /* XCRemoteSwiftPackageReference "firebase-ios-sdk" */;
			productName = "FirebaseAuthCombine-Community";
		};
		D5637B5E2B927C2B00F20344 /* FirebaseCrashlytics */ = {
			isa = XCSwiftPackageProductDependency;
			package = D5320E7B2B8E7DF00096B786 /* XCRemoteSwiftPackageReference "firebase-ios-sdk" */;
			productName = FirebaseCrashlytics;
		};
		D5637B602B927C2B00F20344 /* FirebaseDatabase */ = {
			isa = XCSwiftPackageProductDependency;
			package = D5320E7B2B8E7DF00096B786 /* XCRemoteSwiftPackageReference "firebase-ios-sdk" */;
			productName = FirebaseDatabase;
		};
		D5637B622B927C2B00F20344 /* FirebaseDatabaseSwift */ = {
			isa = XCSwiftPackageProductDependency;
			package = D5320E7B2B8E7DF00096B786 /* XCRemoteSwiftPackageReference "firebase-ios-sdk" */;
			productName = FirebaseDatabaseSwift;
		};
		D5637B642B927C2B00F20344 /* FirebaseDynamicLinks */ = {
			isa = XCSwiftPackageProductDependency;
			package = D5320E7B2B8E7DF00096B786 /* XCRemoteSwiftPackageReference "firebase-ios-sdk" */;
			productName = FirebaseDynamicLinks;
		};
		D5637B662B927C2B00F20344 /* FirebaseFirestore */ = {
			isa = XCSwiftPackageProductDependency;
			package = D5320E7B2B8E7DF00096B786 /* XCRemoteSwiftPackageReference "firebase-ios-sdk" */;
			productName = FirebaseFirestore;
		};
		D5637B682B927C2B00F20344 /* FirebaseFirestoreCombine-Community */ = {
			isa = XCSwiftPackageProductDependency;
			package = D5320E7B2B8E7DF00096B786 /* XCRemoteSwiftPackageReference "firebase-ios-sdk" */;
			productName = "FirebaseFirestoreCombine-Community";
		};
		D5637B6A2B927C2B00F20344 /* FirebaseFirestoreSwift */ = {
			isa = XCSwiftPackageProductDependency;
			package = D5320E7B2B8E7DF00096B786 /* XCRemoteSwiftPackageReference "firebase-ios-sdk" */;
			productName = FirebaseFirestoreSwift;
		};
		D5637B6C2B927C2B00F20344 /* FirebaseFunctions */ = {
			isa = XCSwiftPackageProductDependency;
			package = D5320E7B2B8E7DF00096B786 /* XCRemoteSwiftPackageReference "firebase-ios-sdk" */;
			productName = FirebaseFunctions;
		};
		D5637B6E2B927C2B00F20344 /* FirebaseFunctionsCombine-Community */ = {
			isa = XCSwiftPackageProductDependency;
			package = D5320E7B2B8E7DF00096B786 /* XCRemoteSwiftPackageReference "firebase-ios-sdk" */;
			productName = "FirebaseFunctionsCombine-Community";
		};
		D5637B702B927C2B00F20344 /* FirebaseInAppMessaging-Beta */ = {
			isa = XCSwiftPackageProductDependency;
			package = D5320E7B2B8E7DF00096B786 /* XCRemoteSwiftPackageReference "firebase-ios-sdk" */;
			productName = "FirebaseInAppMessaging-Beta";
		};
		D5637B722B927C2B00F20344 /* FirebaseInAppMessagingSwift-Beta */ = {
			isa = XCSwiftPackageProductDependency;
			package = D5320E7B2B8E7DF00096B786 /* XCRemoteSwiftPackageReference "firebase-ios-sdk" */;
			productName = "FirebaseInAppMessagingSwift-Beta";
		};
		D5637B742B927C2B00F20344 /* FirebaseInstallations */ = {
			isa = XCSwiftPackageProductDependency;
			package = D5320E7B2B8E7DF00096B786 /* XCRemoteSwiftPackageReference "firebase-ios-sdk" */;
			productName = FirebaseInstallations;
		};
		D5637B762B927C2B00F20344 /* FirebaseMLModelDownloader */ = {
			isa = XCSwiftPackageProductDependency;
			package = D5320E7B2B8E7DF00096B786 /* XCRemoteSwiftPackageReference "firebase-ios-sdk" */;
			productName = FirebaseMLModelDownloader;
		};
		D5637B782B927C2B00F20344 /* FirebaseMessaging */ = {
			isa = XCSwiftPackageProductDependency;
			package = D5320E7B2B8E7DF00096B786 /* XCRemoteSwiftPackageReference "firebase-ios-sdk" */;
			productName = FirebaseMessaging;
		};
		D5637B7A2B927C2B00F20344 /* FirebasePerformance */ = {
			isa = XCSwiftPackageProductDependency;
			package = D5320E7B2B8E7DF00096B786 /* XCRemoteSwiftPackageReference "firebase-ios-sdk" */;
			productName = FirebasePerformance;
		};
		D5637B7C2B927C2B00F20344 /* FirebaseRemoteConfig */ = {
			isa = XCSwiftPackageProductDependency;
			package = D5320E7B2B8E7DF00096B786 /* XCRemoteSwiftPackageReference "firebase-ios-sdk" */;
			productName = FirebaseRemoteConfig;
		};
		D5637B7E2B927C2B00F20344 /* FirebaseRemoteConfigSwift */ = {
			isa = XCSwiftPackageProductDependency;
			package = D5320E7B2B8E7DF00096B786 /* XCRemoteSwiftPackageReference "firebase-ios-sdk" */;
			productName = FirebaseRemoteConfigSwift;
		};
		D5637B802B927C2B00F20344 /* FirebaseStorage */ = {
			isa = XCSwiftPackageProductDependency;
			package = D5320E7B2B8E7DF00096B786 /* XCRemoteSwiftPackageReference "firebase-ios-sdk" */;
			productName = FirebaseStorage;
		};
		D5637B822B927C2B00F20344 /* FirebaseStorageCombine-Community */ = {
			isa = XCSwiftPackageProductDependency;
			package = D5320E7B2B8E7DF00096B786 /* XCRemoteSwiftPackageReference "firebase-ios-sdk" */;
			productName = "FirebaseStorageCombine-Community";
		};
		D56635EA2B922B8E00D7EE23 /* FirebaseAnalytics */ = {
			isa = XCSwiftPackageProductDependency;
			package = D5320E7B2B8E7DF00096B786 /* XCRemoteSwiftPackageReference "firebase-ios-sdk" */;
			productName = FirebaseAnalytics;
		};
		D56635EC2B922B8E00D7EE23 /* FirebaseAnalyticsOnDeviceConversion */ = {
			isa = XCSwiftPackageProductDependency;
			package = D5320E7B2B8E7DF00096B786 /* XCRemoteSwiftPackageReference "firebase-ios-sdk" */;
			productName = FirebaseAnalyticsOnDeviceConversion;
		};
		D56635EE2B922B8E00D7EE23 /* FirebaseAnalyticsSwift */ = {
			isa = XCSwiftPackageProductDependency;
			package = D5320E7B2B8E7DF00096B786 /* XCRemoteSwiftPackageReference "firebase-ios-sdk" */;
			productName = FirebaseAnalyticsSwift;
		};
		D56635F02B922B8E00D7EE23 /* FirebaseAnalyticsWithoutAdIdSupport */ = {
			isa = XCSwiftPackageProductDependency;
			package = D5320E7B2B8E7DF00096B786 /* XCRemoteSwiftPackageReference "firebase-ios-sdk" */;
			productName = FirebaseAnalyticsWithoutAdIdSupport;
		};
		D56635F22B922B8E00D7EE23 /* FirebaseAppCheck */ = {
			isa = XCSwiftPackageProductDependency;
			package = D5320E7B2B8E7DF00096B786 /* XCRemoteSwiftPackageReference "firebase-ios-sdk" */;
			productName = FirebaseAppCheck;
		};
		D56635F42B922B8E00D7EE23 /* FirebaseAppDistribution-Beta */ = {
			isa = XCSwiftPackageProductDependency;
			package = D5320E7B2B8E7DF00096B786 /* XCRemoteSwiftPackageReference "firebase-ios-sdk" */;
			productName = "FirebaseAppDistribution-Beta";
		};
		D56635F62B922B8E00D7EE23 /* FirebaseAuth */ = {
			isa = XCSwiftPackageProductDependency;
			package = D5320E7B2B8E7DF00096B786 /* XCRemoteSwiftPackageReference "firebase-ios-sdk" */;
			productName = FirebaseAuth;
		};
		D56635F82B922B8E00D7EE23 /* FirebaseAuthCombine-Community */ = {
			isa = XCSwiftPackageProductDependency;
			package = D5320E7B2B8E7DF00096B786 /* XCRemoteSwiftPackageReference "firebase-ios-sdk" */;
			productName = "FirebaseAuthCombine-Community";
		};
		D56635FA2B922B8E00D7EE23 /* FirebaseCrashlytics */ = {
			isa = XCSwiftPackageProductDependency;
			package = D5320E7B2B8E7DF00096B786 /* XCRemoteSwiftPackageReference "firebase-ios-sdk" */;
			productName = FirebaseCrashlytics;
		};
		D56635FC2B922B8E00D7EE23 /* FirebaseDatabase */ = {
			isa = XCSwiftPackageProductDependency;
			package = D5320E7B2B8E7DF00096B786 /* XCRemoteSwiftPackageReference "firebase-ios-sdk" */;
			productName = FirebaseDatabase;
		};
		D56635FE2B922B8E00D7EE23 /* FirebaseDatabaseSwift */ = {
			isa = XCSwiftPackageProductDependency;
			package = D5320E7B2B8E7DF00096B786 /* XCRemoteSwiftPackageReference "firebase-ios-sdk" */;
			productName = FirebaseDatabaseSwift;
		};
		D56636002B922B8E00D7EE23 /* FirebaseDynamicLinks */ = {
			isa = XCSwiftPackageProductDependency;
			package = D5320E7B2B8E7DF00096B786 /* XCRemoteSwiftPackageReference "firebase-ios-sdk" */;
			productName = FirebaseDynamicLinks;
		};
		D56636022B922B8E00D7EE23 /* FirebaseFirestore */ = {
			isa = XCSwiftPackageProductDependency;
			package = D5320E7B2B8E7DF00096B786 /* XCRemoteSwiftPackageReference "firebase-ios-sdk" */;
			productName = FirebaseFirestore;
		};
		D56636042B922B8E00D7EE23 /* FirebaseFirestoreCombine-Community */ = {
			isa = XCSwiftPackageProductDependency;
			package = D5320E7B2B8E7DF00096B786 /* XCRemoteSwiftPackageReference "firebase-ios-sdk" */;
			productName = "FirebaseFirestoreCombine-Community";
		};
		D56636062B922B8E00D7EE23 /* FirebaseFirestoreSwift */ = {
			isa = XCSwiftPackageProductDependency;
			package = D5320E7B2B8E7DF00096B786 /* XCRemoteSwiftPackageReference "firebase-ios-sdk" */;
			productName = FirebaseFirestoreSwift;
		};
		D56636082B922B8E00D7EE23 /* FirebaseMessaging */ = {
			isa = XCSwiftPackageProductDependency;
			package = D5320E7B2B8E7DF00096B786 /* XCRemoteSwiftPackageReference "firebase-ios-sdk" */;
			productName = FirebaseMessaging;
		};
		D566360A2B922B8E00D7EE23 /* FirebasePerformance */ = {
			isa = XCSwiftPackageProductDependency;
			package = D5320E7B2B8E7DF00096B786 /* XCRemoteSwiftPackageReference "firebase-ios-sdk" */;
			productName = FirebasePerformance;
		};
		D566360C2B922B8E00D7EE23 /* FirebaseRemoteConfig */ = {
			isa = XCSwiftPackageProductDependency;
			package = D5320E7B2B8E7DF00096B786 /* XCRemoteSwiftPackageReference "firebase-ios-sdk" */;
			productName = FirebaseRemoteConfig;
		};
		D566360E2B922B8E00D7EE23 /* FirebaseRemoteConfigSwift */ = {
			isa = XCSwiftPackageProductDependency;
			package = D5320E7B2B8E7DF00096B786 /* XCRemoteSwiftPackageReference "firebase-ios-sdk" */;
			productName = FirebaseRemoteConfigSwift;
		};
		D56636102B922B8E00D7EE23 /* FirebaseStorage */ = {
			isa = XCSwiftPackageProductDependency;
			package = D5320E7B2B8E7DF00096B786 /* XCRemoteSwiftPackageReference "firebase-ios-sdk" */;
			productName = FirebaseStorage;
		};
		D56636122B922B8E00D7EE23 /* FirebaseStorageCombine-Community */ = {
			isa = XCSwiftPackageProductDependency;
			package = D5320E7B2B8E7DF00096B786 /* XCRemoteSwiftPackageReference "firebase-ios-sdk" */;
			productName = "FirebaseStorageCombine-Community";
		};
/* End XCSwiftPackageProductDependency section */
	};
	rootObject = D5320E622B8E7BBF0096B786 /* Project object */;
}
